// !$*UTF8*$!
{
	archiveVersion = 1;
	classes = {
	};
	objectVersion = 46;
	objects = {

/* Begin PBXBuildFile section */
		645A662B1C10064E00BD34DC /* main.m in Sources */ = {isa = PBXBuildFile; fileRef = 645A662A1C10064E00BD34DC /* main.m */; };
		645A662E1C10064E00BD34DC /* AppDelegate.m in Sources */ = {isa = PBXBuildFile; fileRef = 645A662D1C10064E00BD34DC /* AppDelegate.m */; };
		645A66311C10064E00BD34DC /* ViewController.m in Sources */ = {isa = PBXBuildFile; fileRef = 645A66301C10064E00BD34DC /* ViewController.m */; };
		645A66341C10064E00BD34DC /* Main.storyboard in Resources */ = {isa = PBXBuildFile; fileRef = 645A66321C10064E00BD34DC /* Main.storyboard */; };
		645A66361C10064E00BD34DC /* Assets.xcassets in Resources */ = {isa = PBXBuildFile; fileRef = 645A66351C10064E00BD34DC /* Assets.xcassets */; };
		645A66391C10064E00BD34DC /* LaunchScreen.storyboard in Resources */ = {isa = PBXBuildFile; fileRef = 645A66371C10064E00BD34DC /* LaunchScreen.storyboard */; };
		645A66441C10064F00BD34DC /* callbackDemoTests.m in Sources */ = {isa = PBXBuildFile; fileRef = 645A66431C10064F00BD34DC /* callbackDemoTests.m */; };
		645A664F1C10064F00BD34DC /* callbackDemoUITests.m in Sources */ = {isa = PBXBuildFile; fileRef = 645A664E1C10064F00BD34DC /* callbackDemoUITests.m */; };
		645A665E1C10067000BD34DC /* DataProcess.m in Sources */ = {isa = PBXBuildFile; fileRef = 645A665D1C10067000BD34DC /* DataProcess.m */; };
/* End PBXBuildFile section */

/* Begin PBXContainerItemProxy section */
		645A66401C10064F00BD34DC /* PBXContainerItemProxy */ = {
			isa = PBXContainerItemProxy;
			containerPortal = 645A661E1C10064E00BD34DC /* Project object */;
			proxyType = 1;
			remoteGlobalIDString = 645A66251C10064E00BD34DC;
			remoteInfo = callbackDemo;
		};
		645A664B1C10064F00BD34DC /* PBXContainerItemProxy */ = {
			isa = PBXContainerItemProxy;
			containerPortal = 645A661E1C10064E00BD34DC /* Project object */;
			proxyType = 1;
			remoteGlobalIDString = 645A66251C10064E00BD34DC;
			remoteInfo = callbackDemo;
		};
/* End PBXContainerItemProxy section */

/* Begin PBXFileReference section */
		645A66261C10064E00BD34DC /* callbackDemo.app */ = {isa = PBXFileReference; explicitFileType = wrapper.application; includeInIndex = 0; path = callbackDemo.app; sourceTree = BUILT_PRODUCTS_DIR; };
		645A662A1C10064E00BD34DC /* main.m */ = {isa = PBXFileReference; lastKnownFileType = sourcecode.c.objc; path = main.m; sourceTree = "<group>"; };
		645A662C1C10064E00BD34DC /* AppDelegate.h */ = {isa = PBXFileReference; lastKnownFileType = sourcecode.c.h; path = AppDelegate.h; sourceTree = "<group>"; };
		645A662D1C10064E00BD34DC /* AppDelegate.m */ = {isa = PBXFileReference; lastKnownFileType = sourcecode.c.objc; path = AppDelegate.m; sourceTree = "<group>"; };
		645A662F1C10064E00BD34DC /* ViewController.h */ = {isa = PBXFileReference; lastKnownFileType = sourcecode.c.h; path = ViewController.h; sourceTree = "<group>"; };
		645A66301C10064E00BD34DC /* ViewController.m */ = {isa = PBXFileReference; lastKnownFileType = sourcecode.c.objc; path = ViewController.m; sourceTree = "<group>"; };
		645A66331C10064E00BD34DC /* Base */ = {isa = PBXFileReference; lastKnownFileType = file.storyboard; name = Base; path = Base.lproj/Main.storyboard; sourceTree = "<group>"; };
		645A66351C10064E00BD34DC /* Assets.xcassets */ = {isa = PBXFileReference; lastKnownFileType = folder.assetcatalog; path = Assets.xcassets; sourceTree = "<group>"; };
		645A66381C10064E00BD34DC /* Base */ = {isa = PBXFileReference; lastKnownFileType = file.storyboard; name = Base; path = Base.lproj/LaunchScreen.storyboard; sourceTree = "<group>"; };
		645A663A1C10064E00BD34DC /* Info.plist */ = {isa = PBXFileReference; lastKnownFileType = text.plist.xml; path = Info.plist; sourceTree = "<group>"; };
		645A663F1C10064F00BD34DC /* callbackDemoTests.xctest */ = {isa = PBXFileReference; explicitFileType = wrapper.cfbundle; includeInIndex = 0; path = callbackDemoTests.xctest; sourceTree = BUILT_PRODUCTS_DIR; };
		645A66431C10064F00BD34DC /* callbackDemoTests.m */ = {isa = PBXFileReference; lastKnownFileType = sourcecode.c.objc; path = callbackDemoTests.m; sourceTree = "<group>"; };
		645A66451C10064F00BD34DC /* Info.plist */ = {isa = PBXFileReference; lastKnownFileType = text.plist.xml; path = Info.plist; sourceTree = "<group>"; };
		645A664A1C10064F00BD34DC /* callbackDemoUITests.xctest */ = {isa = PBXFileReference; explicitFileType = wrapper.cfbundle; includeInIndex = 0; path = callbackDemoUITests.xctest; sourceTree = BUILT_PRODUCTS_DIR; };
		645A664E1C10064F00BD34DC /* callbackDemoUITests.m */ = {isa = PBXFileReference; lastKnownFileType = sourcecode.c.objc; path = callbackDemoUITests.m; sourceTree = "<group>"; };
		645A66501C10064F00BD34DC /* Info.plist */ = {isa = PBXFileReference; lastKnownFileType = text.plist.xml; path = Info.plist; sourceTree = "<group>"; };
		645A665C1C10066F00BD34DC /* DataProcess.h */ = {isa = PBXFileReference; fileEncoding = 4; lastKnownFileType = sourcecode.c.h; path = DataProcess.h; sourceTree = "<group>"; };
		645A665D1C10067000BD34DC /* DataProcess.m */ = {isa = PBXFileReference; fileEncoding = 4; lastKnownFileType = sourcecode.c.objc; path = DataProcess.m; sourceTree = "<group>"; };
/* End PBXFileReference section */

/* Begin PBXFrameworksBuildPhase section */
		645A66231C10064E00BD34DC /* Frameworks */ = {
			isa = PBXFrameworksBuildPhase;
			buildActionMask = 2147483647;
			files = (
			);
			runOnlyForDeploymentPostprocessing = 0;
		};
		645A663C1C10064F00BD34DC /* Frameworks */ = {
			isa = PBXFrameworksBuildPhase;
			buildActionMask = 2147483647;
			files = (
			);
			runOnlyForDeploymentPostprocessing = 0;
		};
		645A66471C10064F00BD34DC /* Frameworks */ = {
			isa = PBXFrameworksBuildPhase;
			buildActionMask = 2147483647;
			files = (
			);
			runOnlyForDeploymentPostprocessing = 0;
		};
/* End PBXFrameworksBuildPhase section */

/* Begin PBXGroup section */
		645A661D1C10064E00BD34DC = {
			isa = PBXGroup;
			children = (
				645A66281C10064E00BD34DC /* callbackDemo */,
				645A66421C10064F00BD34DC /* callbackDemoTests */,
				645A664D1C10064F00BD34DC /* callbackDemoUITests */,
				645A66271C10064E00BD34DC /* Products */,
			);
			sourceTree = "<group>";
		};
		645A66271C10064E00BD34DC /* Products */ = {
			isa = PBXGroup;
			children = (
				645A66261C10064E00BD34DC /* callbackDemo.app */,
				645A663F1C10064F00BD34DC /* callbackDemoTests.xctest */,
				645A664A1C10064F00BD34DC /* callbackDemoUITests.xctest */,
			);
			name = Products;
			sourceTree = "<group>";
		};
		645A66281C10064E00BD34DC /* callbackDemo */ = {
			isa = PBXGroup;
			children = (
				645A662C1C10064E00BD34DC /* AppDelegate.h */,
				645A662D1C10064E00BD34DC /* AppDelegate.m */,
				645A665C1C10066F00BD34DC /* DataProcess.h */,
				645A665D1C10067000BD34DC /* DataProcess.m */,
				645A662F1C10064E00BD34DC /* ViewController.h */,
				645A66301C10064E00BD34DC /* ViewController.m */,
				645A66321C10064E00BD34DC /* Main.storyboard */,
				645A66351C10064E00BD34DC /* Assets.xcassets */,
				645A66371C10064E00BD34DC /* LaunchScreen.storyboard */,
				645A663A1C10064E00BD34DC /* Info.plist */,
				645A66291C10064E00BD34DC /* Supporting Files */,
			);
			path = callbackDemo;
			sourceTree = "<group>";
		};
		645A66291C10064E00BD34DC /* Supporting Files */ = {
			isa = PBXGroup;
			children = (
				645A662A1C10064E00BD34DC /* main.m */,
			);
			name = "Supporting Files";
			sourceTree = "<group>";
		};
		645A66421C10064F00BD34DC /* callbackDemoTests */ = {
			isa = PBXGroup;
			children = (
				645A66431C10064F00BD34DC /* callbackDemoTests.m */,
				645A66451C10064F00BD34DC /* Info.plist */,
			);
			path = callbackDemoTests;
			sourceTree = "<group>";
		};
		645A664D1C10064F00BD34DC /* callbackDemoUITests */ = {
			isa = PBXGroup;
			children = (
				645A664E1C10064F00BD34DC /* callbackDemoUITests.m */,
				645A66501C10064F00BD34DC /* Info.plist */,
			);
			path = callbackDemoUITests;
			sourceTree = "<group>";
		};
/* End PBXGroup section */

/* Begin PBXNativeTarget section */
		645A66251C10064E00BD34DC /* callbackDemo */ = {
			isa = PBXNativeTarget;
			buildConfigurationList = 645A66531C10064F00BD34DC /* Build configuration list for PBXNativeTarget "callbackDemo" */;
			buildPhases = (
				645A66221C10064E00BD34DC /* Sources */,
				645A66231C10064E00BD34DC /* Frameworks */,
				645A66241C10064E00BD34DC /* Resources */,
			);
			buildRules = (
			);
			dependencies = (
			);
			name = callbackDemo;
			productName = callbackDemo;
			productReference = 645A66261C10064E00BD34DC /* callbackDemo.app */;
			productType = "com.apple.product-type.application";
		};
		645A663E1C10064F00BD34DC /* callbackDemoTests */ = {
			isa = PBXNativeTarget;
			buildConfigurationList = 645A66561C10064F00BD34DC /* Build configuration list for PBXNativeTarget "callbackDemoTests" */;
			buildPhases = (
				645A663B1C10064F00BD34DC /* Sources */,
				645A663C1C10064F00BD34DC /* Frameworks */,
				645A663D1C10064F00BD34DC /* Resources */,
			);
			buildRules = (
			);
			dependencies = (
				645A66411C10064F00BD34DC /* PBXTargetDependency */,
			);
			name = callbackDemoTests;
			productName = callbackDemoTests;
			productReference = 645A663F1C10064F00BD34DC /* callbackDemoTests.xctest */;
			productType = "com.apple.product-type.bundle.unit-test";
		};
		645A66491C10064F00BD34DC /* callbackDemoUITests */ = {
			isa = PBXNativeTarget;
			buildConfigurationList = 645A66591C10064F00BD34DC /* Build configuration list for PBXNativeTarget "callbackDemoUITests" */;
			buildPhases = (
				645A66461C10064F00BD34DC /* Sources */,
				645A66471C10064F00BD34DC /* Frameworks */,
				645A66481C10064F00BD34DC /* Resources */,
			);
			buildRules = (
			);
			dependencies = (
				645A664C1C10064F00BD34DC /* PBXTargetDependency */,
			);
			name = callbackDemoUITests;
			productName = callbackDemoUITests;
			productReference = 645A664A1C10064F00BD34DC /* callbackDemoUITests.xctest */;
			productType = "com.apple.product-type.bundle.ui-testing";
		};
/* End PBXNativeTarget section */

/* Begin PBXProject section */
		645A661E1C10064E00BD34DC /* Project object */ = {
			isa = PBXProject;
			attributes = {
				LastUpgradeCheck = 0710;
				ORGANIZATIONNAME = shen;
				TargetAttributes = {
					645A66251C10064E00BD34DC = {
						CreatedOnToolsVersion = 7.1;
					};
					645A663E1C10064F00BD34DC = {
						CreatedOnToolsVersion = 7.1;
						TestTargetID = 645A66251C10064E00BD34DC;
					};
					645A66491C10064F00BD34DC = {
						CreatedOnToolsVersion = 7.1;
						TestTargetID = 645A66251C10064E00BD34DC;
					};
				};
			};
			buildConfigurationList = 645A66211C10064E00BD34DC /* Build configuration list for PBXProject "callbackDemo" */;
			compatibilityVersion = "Xcode 3.2";
			developmentRegion = English;
			hasScannedForEncodings = 0;
			knownRegions = (
				en,
				Base,
			);
			mainGroup = 645A661D1C10064E00BD34DC;
			productRefGroup = 645A66271C10064E00BD34DC /* Products */;
			projectDirPath = "";
			projectRoot = "";
			targets = (
				645A66251C10064E00BD34DC /* callbackDemo */,
				645A663E1C10064F00BD34DC /* callbackDemoTests */,
				645A66491C10064F00BD34DC /* callbackDemoUITests */,
			);
		};
/* End PBXProject section */

/* Begin PBXResourcesBuildPhase section */
		645A66241C10064E00BD34DC /* Resources */ = {
			isa = PBXResourcesBuildPhase;
			buildActionMask = 2147483647;
			files = (
				645A66391C10064E00BD34DC /* LaunchScreen.storyboard in Resources */,
				645A66361C10064E00BD34DC /* Assets.xcassets in Resources */,
				645A66341C10064E00BD34DC /* Main.storyboard in Resources */,
			);
			runOnlyForDeploymentPostprocessing = 0;
		};
		645A663D1C10064F00BD34DC /* Resources */ = {
			isa = PBXResourcesBuildPhase;
			buildActionMask = 2147483647;
			files = (
			);
			runOnlyForDeploymentPostprocessing = 0;
		};
		645A66481C10064F00BD34DC /* Resources */ = {
			isa = PBXResourcesBuildPhase;
			buildActionMask = 2147483647;
			files = (
			);
			runOnlyForDeploymentPostprocessing = 0;
		};
/* End PBXResourcesBuildPhase section */

/* Begin PBXSourcesBuildPhase section */
		645A66221C10064E00BD34DC /* Sources */ = {
			isa = PBXSourcesBuildPhase;
			buildActionMask = 2147483647;
			files = (
				645A66311C10064E00BD34DC /* ViewController.m in Sources */,
				645A665E1C10067000BD34DC /* DataProcess.m in Sources */,
				645A662E1C10064E00BD34DC /* AppDelegate.m in Sources */,
				645A662B1C10064E00BD34DC /* main.m in Sources */,
			);
			runOnlyForDeploymentPostprocessing = 0;
		};
		645A663B1C10064F00BD34DC /* Sources */ = {
			isa = PBXSourcesBuildPhase;
			buildActionMask = 2147483647;
			files = (
				645A66441C10064F00BD34DC /* callbackDemoTests.m in Sources */,
			);
			runOnlyForDeploymentPostprocessing = 0;
		};
		645A66461C10064F00BD34DC /* Sources */ = {
			isa = PBXSourcesBuildPhase;
			buildActionMask = 2147483647;
			files = (
				645A664F1C10064F00BD34DC /* callbackDemoUITests.m in Sources */,
			);
			runOnlyForDeploymentPostprocessing = 0;
		};
/* End PBXSourcesBuildPhase section */

/* Begin PBXTargetDependency section */
		645A66411C10064F00BD34DC /* PBXTargetDependency */ = {
			isa = PBXTargetDependency;
			target = 645A66251C10064E00BD34DC /* callbackDemo */;
			targetProxy = 645A66401C10064F00BD34DC /* PBXContainerItemProxy */;
		};
		645A664C1C10064F00BD34DC /* PBXTargetDependency */ = {
			isa = PBXTargetDependency;
			target = 645A66251C10064E00BD34DC /* callbackDemo */;
			targetProxy = 645A664B1C10064F00BD34DC /* PBXContainerItemProxy */;
		};
/* End PBXTargetDependency section */

/* Begin PBXVariantGroup section */
		645A66321C10064E00BD34DC /* Main.storyboard */ = {
			isa = PBXVariantGroup;
			children = (
				645A66331C10064E00BD34DC /* Base */,
			);
			name = Main.storyboard;
			sourceTree = "<group>";
		};
		645A66371C10064E00BD34DC /* LaunchScreen.storyboard */ = {
			isa = PBXVariantGroup;
			children = (
				645A66381C10064E00BD34DC /* Base */,
			);
			name = LaunchScreen.storyboard;
			sourceTree = "<group>";
		};
/* End PBXVariantGroup section */

/* Begin XCBuildConfiguration section */
		645A66511C10064F00BD34DC /* Debug */ = {
			isa = XCBuildConfiguration;
			buildSettings = {
				ALWAYS_SEARCH_USER_PATHS = NO;
				CLANG_CXX_LANGUAGE_STANDARD = "gnu++0x";
				CLANG_CXX_LIBRARY = "libc++";
				CLANG_ENABLE_MODULES = YES;
				CLANG_ENABLE_OBJC_ARC = YES;
				CLANG_WARN_BOOL_CONVERSION = YES;
				CLANG_WARN_CONSTANT_CONVERSION = YES;
				CLANG_WARN_DIRECT_OBJC_ISA_USAGE = YES_ERROR;
				CLANG_WARN_EMPTY_BODY = YES;
				CLANG_WARN_ENUM_CONVERSION = YES;
				CLANG_WARN_INT_CONVERSION = YES;
				CLANG_WARN_OBJC_ROOT_CLASS = YES_ERROR;
				CLANG_WARN_UNREACHABLE_CODE = YES;
				CLANG_WARN__DUPLICATE_METHOD_MATCH = YES;
				"CODE_SIGN_IDENTITY[sdk=iphoneos*]" = "iPhone Developer";
				COPY_PHASE_STRIP = NO;
				DEBUG_INFORMATION_FORMAT = dwarf;
				ENABLE_STRICT_OBJC_MSGSEND = YES;
				ENABLE_TESTABILITY = YES;
				GCC_C_LANGUAGE_STANDARD = gnu99;
				GCC_DYNAMIC_NO_PIC = NO;
				GCC_NO_COMMON_BLOCKS = YES;
				GCC_OPTIMIZATION_LEVEL = 0;
				GCC_PREPROCESSOR_DEFINITIONS = (
					"DEBUG=1",
					"$(inherited)",
				);
				GCC_WARN_64_TO_32_BIT_CONVERSION = YES;
				GCC_WARN_ABOUT_RETURN_TYPE = YES_ERROR;
				GCC_WARN_UNDECLARED_SELECTOR = YES;
				GCC_WARN_UNINITIALIZED_AUTOS = YES_AGGRESSIVE;
				GCC_WARN_UNUSED_FUNCTION = YES;
				GCC_WARN_UNUSED_VARIABLE = YES;
				IPHONEOS_DEPLOYMENT_TARGET = 9.1;
				MTL_ENABLE_DEBUG_INFO = YES;
				ONLY_ACTIVE_ARCH = YES;
				SDKROOT = iphoneos;
				TARGETED_DEVICE_FAMILY = "1,2";
			};
			name = Debug;
		};
		645A66521C10064F00BD34DC /* Release */ = {
			isa = XCBuildConfiguration;
			buildSettings = {
				ALWAYS_SEARCH_USER_PATHS = NO;
				CLANG_CXX_LANGUAGE_STANDARD = "gnu++0x";
				CLANG_CXX_LIBRARY = "libc++";
				CLANG_ENABLE_MODULES = YES;
				CLANG_ENABLE_OBJC_ARC = YES;
				CLANG_WARN_BOOL_CONVERSION = YES;
				CLANG_WARN_CONSTANT_CONVERSION = YES;
				CLANG_WARN_DIRECT_OBJC_ISA_USAGE = YES_ERROR;
				CLANG_WARN_EMPTY_BODY = YES;
				CLANG_WARN_ENUM_CONVERSION = YES;
				CLANG_WARN_INT_CONVERSION = YES;
				CLANG_WARN_OBJC_ROOT_CLASS = YES_ERROR;
				CLANG_WARN_UNREACHABLE_CODE = YES;
				CLANG_WARN__DUPLICATE_METHOD_MATCH = YES;
				"CODE_SIGN_IDENTITY[sdk=iphoneos*]" = "iPhone Developer";
				COPY_PHASE_STRIP = NO;
				DEBUG_INFORMATION_FORMAT = "dwarf-with-dsym";
				ENABLE_NS_ASSERTIONS = NO;
				ENABLE_STRICT_OBJC_MSGSEND = YES;
				GCC_C_LANGUAGE_STANDARD = gnu99;
				GCC_NO_COMMON_BLOCKS = YES;
				GCC_WARN_64_TO_32_BIT_CONVERSION = YES;
				GCC_WARN_ABOUT_RETURN_TYPE = YES_ERROR;
				GCC_WARN_UNDECLARED_SELECTOR = YES;
				GCC_WARN_UNINITIALIZED_AUTOS = YES_AGGRESSIVE;
				GCC_WARN_UNUSED_FUNCTION = YES;
				GCC_WARN_UNUSED_VARIABLE = YES;
				IPHONEOS_DEPLOYMENT_TARGET = 9.1;
				MTL_ENABLE_DEBUG_INFO = NO;
				SDKROOT = iphoneos;
				TARGETED_DEVICE_FAMILY = "1,2";
				VALIDATE_PRODUCT = YES;
			};
			name = Release;
		};
		645A66541C10064F00BD34DC /* Debug */ = {
			isa = XCBuildConfiguration;
			buildSettings = {
				ASSETCATALOG_COMPILER_APPICON_NAME = AppIcon;
				INFOPLIST_FILE = callbackDemo/Info.plist;
				LD_RUNPATH_SEARCH_PATHS = "$(inherited) @executable_path/Frameworks";
				PRODUCT_BUNDLE_IDENTIFIER = net.rayshen.callbackDemo;
				PRODUCT_NAME = "$(TARGET_NAME)";
			};
			name = Debug;
		};
		645A66551C10064F00BD34DC /* Release */ = {
			isa = XCBuildConfiguration;
			buildSettings = {
				ASSETCATALOG_COMPILER_APPICON_NAME = AppIcon;
				INFOPLIST_FILE = callbackDemo/Info.plist;
				LD_RUNPATH_SEARCH_PATHS = "$(inherited) @executable_path/Frameworks";
				PRODUCT_BUNDLE_IDENTIFIER = net.rayshen.callbackDemo;
				PRODUCT_NAME = "$(TARGET_NAME)";
			};
			name = Release;
		};
		645A66571C10064F00BD34DC /* Debug */ = {
			isa = XCBuildConfiguration;
			buildSettings = {
				BUNDLE_LOADER = "$(TEST_HOST)";
				INFOPLIST_FILE = callbackDemoTests/Info.plist;
				LD_RUNPATH_SEARCH_PATHS = "$(inherited) @executable_path/Frameworks @loader_path/Frameworks";
				PRODUCT_BUNDLE_IDENTIFIER = net.rayshen.callbackDemoTests;
				PRODUCT_NAME = "$(TARGET_NAME)";
				TEST_HOST = "$(BUILT_PRODUCTS_DIR)/callbackDemo.app/callbackDemo";
			};
			name = Debug;
		};
		645A66581C10064F00BD34DC /* Release */ = {
			isa = XCBuildConfiguration;
			buildSettings = {
				BUNDLE_LOADER = "$(TEST_HOST)";
				INFOPLIST_FILE = callbackDemoTests/Info.plist;
				LD_RUNPATH_SEARCH_PATHS = "$(inherited) @executable_path/Frameworks @loader_path/Frameworks";
				PRODUCT_BUNDLE_IDENTIFIER = net.rayshen.callbackDemoTests;
				PRODUCT_NAME = "$(TARGET_NAME)";
				TEST_HOST = "$(BUILT_PRODUCTS_DIR)/callbackDemo.app/callbackDemo";
			};
			name = Release;
		};
		645A665A1C10064F00BD34DC /* Debug */ = {
			isa = XCBuildConfiguration;
			buildSettings = {
				INFOPLIST_FILE = callbackDemoUITests/Info.plist;
				LD_RUNPATH_SEARCH_PATHS = "$(inherited) @executable_path/Frameworks @loader_path/Frameworks";
				PRODUCT_BUNDLE_IDENTIFIER = net.rayshen.callbackDemoUITests;
				PRODUCT_NAME = "$(TARGET_NAME)";
				TEST_TARGET_NAME = callbackDemo;
				USES_XCTRUNNER = YES;
			};
			name = Debug;
		};
		645A665B1C10064F00BD34DC /* Release */ = {
			isa = XCBuildConfiguration;
			buildSettings = {
				INFOPLIST_FILE = callbackDemoUITests/Info.plist;
				LD_RUNPATH_SEARCH_PATHS = "$(inherited) @executable_path/Frameworks @loader_path/Frameworks";
				PRODUCT_BUNDLE_IDENTIFIER = net.rayshen.callbackDemoUITests;
				PRODUCT_NAME = "$(TARGET_NAME)";
				TEST_TARGET_NAME = callbackDemo;
				USES_XCTRUNNER = YES;
			};
			name = Release;
		};
/* End XCBuildConfiguration section */

/* Begin XCConfigurationList section */
		645A66211C10064E00BD34DC /* Build configuration list for PBXProject "callbackDemo" */ = {
			isa = XCConfigurationList;
			buildConfigurations = (
				645A66511C10064F00BD34DC /* Debug */,
				645A66521C10064F00BD34DC /* Release */,
			);
			defaultConfigurationIsVisible = 0;
			defaultConfigurationName = Release;
		};
		645A66531C10064F00BD34DC /* Build configuration list for PBXNativeTarget "callbackDemo" */ = {
			isa = XCConfigurationList;
			buildConfigurations = (
				645A66541C10064F00BD34DC /* Debug */,
				645A66551C10064F00BD34DC /* Release */,
			);
			defaultConfigurationIsVisible = 0;
		};
		645A66561C10064F00BD34DC /* Build configuration list for PBXNativeTarget "callbackDemoTests" */ = {
			isa = XCConfigurationList;
			buildConfigurations = (
				645A66571C10064F00BD34DC /* Debug */,
				645A66581C10064F00BD34DC /* Release */,
			);
			defaultConfigurationIsVisible = 0;
		};
		645A66591C10064F00BD34DC /* Build configuration list for PBXNativeTarget "callbackDemoUITests" */ = {
			isa = XCConfigurationList;
			buildConfigurations = (
				645A665A1C10064F00BD34DC /* Debug */,
				645A665B1C10064F00BD34DC /* Release */,
			);
			defaultConfigurationIsVisible = 0;
		};
/* End XCConfigurationList section */
	};
	rootObject = 645A661E1C10064E00BD34DC /* Project object */;
}
